
Microsoft Visual Studio Solution File, Format Version 12.00
# Visual Studio Version 17
VisualStudioVersion = 17.0.31903.59
MinimumVisualStudioVersion = 10.0.40219.1
Project("{2150E333-8FDC-42A3-9474-1A3956D46DE8}") = "src", "src", "{D9A5477F-5833-4DEE-8108-6F1E5B821F51}"
EndProject
Project("{FAE04EC0-301F-11D3-BF4B-00C04F79EFBC}") = "FinanceSentry.Core", "src\FinanceSentry.Core\FinanceSentry.Core.csproj", "{B86EF5B7-EB57-43B7-AAA0-978CD873F871}"
EndProject
Project("{FAE04EC0-301F-11D3-BF4B-00C04F79EFBC}") = "FinanceSentry.Modules.BankSync", "src\FinanceSentry.Modules.BankSync\FinanceSentry.Modules.BankSync.csproj", "{2EF28754-3228-48AD-A3A4-769C15C10919}"
EndProject
Project("{FAE04EC0-301F-11D3-BF4B-00C04F79EFBC}") = "FinanceSentry.Infrastructure", "src\FinanceSentry.Infrastructure\FinanceSentry.Infrastructure.csproj", "{F1769CE7-6D50-429F-93D4-3E7476DC84C5}"
EndProject
Project("{FAE04EC0-301F-11D3-BF4B-00C04F79EFBC}") = "FinanceSentry.API", "src\FinanceSentry.API\FinanceSentry.API.csproj", "{5ACD2605-F8BB-49B3-8DD8-5370BAEDD5E2}"
EndProject
Project("{FAE04EC0-301F-11D3-BF4B-00C04F79EFBC}") = "FinanceSentry.Modules.Auth", "src\FinanceSentry.Modules.Auth\FinanceSentry.Modules.Auth.csproj", "{A1B2C3D4-E5F6-7890-ABCD-EF1234567890}"
EndProject
Project("{2150E333-8FDC-42A3-9474-1A3956D46DE8}") = "tests", "tests", "{2B36568E-4652-4C8F-9EBF-3998B38D64DA}"
EndProject
Project("{FAE04EC0-301F-11D3-BF4B-00C04F79EFBC}") = "FinanceSentry.Tests.Unit", "tests\FinanceSentry.Tests.Unit\FinanceSentry.Tests.Unit.csproj", "{C4001784-962A-4487-9430-847FB3D9869C}"
EndProject
Project("{FAE04EC0-301F-11D3-BF4B-00C04F79EFBC}") = "FinanceSentry.Tests.Integration", "tests\FinanceSentry.Tests.Integration\FinanceSentry.Tests.Integration.csproj", "{6D66767C-3B58-40E1-BBC7-50C8EFF8EA2C}"
EndProject
Project("{FAE04EC0-301F-11D3-BF4B-00C04F79EFBC}") = "FinanceSentry.Modules.CryptoSync", "src\FinanceSentry.Modules.CryptoSync\FinanceSentry.Modules.CryptoSync.csproj", "{4829087B-64F7-41D7-9928-754E71B1063D}"
EndProject
Project("{FAE04EC0-301F-11D3-BF4B-00C04F79EFBC}") = "FinanceSentry.Modules.BrokerageSync", "src\FinanceSentry.Modules.BrokerageSync\FinanceSentry.Modules.BrokerageSync.csproj", "{E6316A8E-C46A-4A17-A8C1-CD8FE24FF4A7}"
EndProject
Global
	GlobalSection(SolutionConfigurationPlatforms) = preSolution
		Debug|Any CPU = Debug|Any CPU
		Release|Any CPU = Release|Any CPU
	EndGlobalSection
	GlobalSection(SolutionProperties) = preSolution
		HideSolutionNode = FALSE
	EndGlobalSection
	GlobalSection(ProjectConfigurationPlatforms) = postSolution
		{B86EF5B7-EB57-43B7-AAA0-978CD873F871}.Debug|Any CPU.ActiveCfg = Debug|Any CPU
		{B86EF5B7-EB57-43B7-AAA0-978CD873F871}.Debug|Any CPU.Build.0 = Debug|Any CPU
		{B86EF5B7-EB57-43B7-AAA0-978CD873F871}.Release|Any CPU.ActiveCfg = Release|Any CPU
		{B86EF5B7-EB57-43B7-AAA0-978CD873F871}.Release|Any CPU.Build.0 = Release|Any CPU
		{2EF28754-3228-48AD-A3A4-769C15C10919}.Debug|Any CPU.ActiveCfg = Debug|Any CPU
		{2EF28754-3228-48AD-A3A4-769C15C10919}.Debug|Any CPU.Build.0 = Debug|Any CPU
		{2EF28754-3228-48AD-A3A4-769C15C10919}.Release|Any CPU.ActiveCfg = Release|Any CPU
		{2EF28754-3228-48AD-A3A4-769C15C10919}.Release|Any CPU.Build.0 = Release|Any CPU
		{F1769CE7-6D50-429F-93D4-3E7476DC84C5}.Debug|Any CPU.ActiveCfg = Debug|Any CPU
		{F1769CE7-6D50-429F-93D4-3E7476DC84C5}.Debug|Any CPU.Build.0 = Debug|Any CPU
		{F1769CE7-6D50-429F-93D4-3E7476DC84C5}.Release|Any CPU.ActiveCfg = Release|Any CPU
		{F1769CE7-6D50-429F-93D4-3E7476DC84C5}.Release|Any CPU.Build.0 = Release|Any CPU
		{5ACD2605-F8BB-49B3-8DD8-5370BAEDD5E2}.Debug|Any CPU.ActiveCfg = Debug|Any CPU
		{5ACD2605-F8BB-49B3-8DD8-5370BAEDD5E2}.Debug|Any CPU.Build.0 = Debug|Any CPU
		{5ACD2605-F8BB-49B3-8DD8-5370BAEDD5E2}.Release|Any CPU.ActiveCfg = Release|Any CPU
		{5ACD2605-F8BB-49B3-8DD8-5370BAEDD5E2}.Release|Any CPU.Build.0 = Release|Any CPU
		{A1B2C3D4-E5F6-7890-ABCD-EF1234567890}.Debug|Any CPU.ActiveCfg = Debug|Any CPU
		{A1B2C3D4-E5F6-7890-ABCD-EF1234567890}.Debug|Any CPU.Build.0 = Debug|Any CPU
		{A1B2C3D4-E5F6-7890-ABCD-EF1234567890}.Release|Any CPU.ActiveCfg = Release|Any CPU
		{A1B2C3D4-E5F6-7890-ABCD-EF1234567890}.Release|Any CPU.Build.0 = Release|Any CPU
		{C4001784-962A-4487-9430-847FB3D9869C}.Debug|Any CPU.ActiveCfg = Debug|Any CPU
		{C4001784-962A-4487-9430-847FB3D9869C}.Debug|Any CPU.Build.0 = Debug|Any CPU
		{C4001784-962A-4487-9430-847FB3D9869C}.Release|Any CPU.ActiveCfg = Release|Any CPU
		{C4001784-962A-4487-9430-847FB3D9869C}.Release|Any CPU.Build.0 = Release|Any CPU
		{6D66767C-3B58-40E1-BBC7-50C8EFF8EA2C}.Debug|Any CPU.ActiveCfg = Debug|Any CPU
		{6D66767C-3B58-40E1-BBC7-50C8EFF8EA2C}.Debug|Any CPU.Build.0 = Debug|Any CPU
		{6D66767C-3B58-40E1-BBC7-50C8EFF8EA2C}.Release|Any CPU.ActiveCfg = Release|Any CPU
		{6D66767C-3B58-40E1-BBC7-50C8EFF8EA2C}.Release|Any CPU.Build.0 = Release|Any CPU
		{4829087B-64F7-41D7-9928-754E71B1063D}.Debug|Any CPU.ActiveCfg = Debug|Any CPU
		{4829087B-64F7-41D7-9928-754E71B1063D}.Debug|Any CPU.Build.0 = Debug|Any CPU
		{4829087B-64F7-41D7-9928-754E71B1063D}.Release|Any CPU.ActiveCfg = Release|Any CPU
		{4829087B-64F7-41D7-9928-754E71B1063D}.Release|Any CPU.Build.0 = Release|Any CPU
		{E6316A8E-C46A-4A17-A8C1-CD8FE24FF4A7}.Debug|Any CPU.ActiveCfg = Debug|Any CPU
		{E6316A8E-C46A-4A17-A8C1-CD8FE24FF4A7}.Debug|Any CPU.Build.0 = Debug|Any CPU
		{E6316A8E-C46A-4A17-A8C1-CD8FE24FF4A7}.Release|Any CPU.ActiveCfg = Release|Any CPU
		{E6316A8E-C46A-4A17-A8C1-CD8FE24FF4A7}.Release|Any CPU.Build.0 = Release|Any CPU
EndGlobalSection
	GlobalSection(NestedProjects) = preSolution
		{B86EF5B7-EB57-43B7-AAA0-978CD873F871} = {D9A5477F-5833-4DEE-8108-6F1E5B821F51}
		{2EF28754-3228-48AD-A3A4-769C15C10919} = {D9A5477F-5833-4DEE-8108-6F1E5B821F51}
		{F1769CE7-6D50-429F-93D4-3E7476DC84C5} = {D9A5477F-5833-4DEE-8108-6F1E5B821F51}
		{5ACD2605-F8BB-49B3-8DD8-5370BAEDD5E2} = {D9A5477F-5833-4DEE-8108-6F1E5B821F51}
		{A1B2C3D4-E5F6-7890-ABCD-EF1234567890} = {D9A5477F-5833-4DEE-8108-6F1E5B821F51}
		{C4001784-962A-4487-9430-847FB3D9869C} = {2B36568E-4652-4C8F-9EBF-3998B38D64DA}
		{6D66767C-3B58-40E1-BBC7-50C8EFF8EA2C} = {2B36568E-4652-4C8F-9EBF-3998B38D64DA}
		{4829087B-64F7-41D7-9928-754E71B1063D} = {D9A5477F-5833-4DEE-8108-6F1E5B821F51}
		{E6316A8E-C46A-4A17-A8C1-CD8FE24FF4A7} = {D9A5477F-5833-4DEE-8108-6F1E5B821F51}
EndGlobalSection
EndGlobal
